
Microsoft Visual Studio Solution File, Format Version 12.00
# Visual Studio Version 17
VisualStudioVersion = 17.5.33516.290
MinimumVisualStudioVersion = 10.0.40219.1
Project("{FAE04EC0-301F-11D3-BF4B-00C04F79EFBC}") = "Internal 1", "Internal 1\Internal 1.csproj", "{54371E7C-2481-4461-A25C-188AF2B45863}"
EndProject
Global
	GlobalSection(SolutionConfigurationPlatforms) = preSolution
		Debug|Any CPU = Debug|Any CPU
		Release|Any CPU = Release|Any CPU
	EndGlobalSection
	GlobalSection(ProjectConfigurationPlatforms) = postSolution
		{54371E7C-2481-4461-A25C-188AF2B45863}.Debug|Any CPU.ActiveCfg = Debug|Any CPU
		{54371E7C-2481-4461-A25C-188AF2B45863}.Debug|Any CPU.Build.0 = Debug|Any CPU
		{54371E7C-2481-4461-A25C-188AF2B45863}.Release|Any CPU.ActiveCfg = Release|Any CPU
		{54371E7C-2481-4461-A25C-188AF2B45863}.Release|Any CPU.Build.0 = Release|Any CPU
	EndGlobalSection
	GlobalSection(SolutionProperties) = preSolution
		HideSolutionNode = FALSE
	EndGlobalSection
	GlobalSection(ExtensibilityGlobals) = postSolution
		SolutionGuid = {E80F0BD3-E5AA-4F61-825F-77BBA13DC190}
	EndGlobalSection
EndGlobal
